
Microsoft Visual Studio Solution File, Format Version 10.00
# Visual Studio 2008
Project("{FAE04EC0-301F-11D3-BF4B-00C04F79EFBC}") = "TestData", "TestData\TestData.csproj", "{B1F9CDD7-077B-419C-8B90-31D8498CE083}"
EndProject
Project("{2150E333-8FDC-42A3-9474-1A3956D46DE8}") = "Solution Items", "Solution Items", "{98BADD09-0AEB-4463-8458-CB643E723D4B}"
	ProjectSection(SolutionItems) = preProject
		LocalTestRun.testrunconfig = LocalTestRun.testrunconfig
		TestData.vsmdi = TestData.vsmdi
	EndProjectSection
EndProject
Project("{FAE04EC0-301F-11D3-BF4B-00C04F79EFBC}") = "TestServices", "TestServices\TestServices.csproj", "{5B138D1C-D5F5-46F2-8277-B36E8ADFD4E5}"
EndProject
Project("{FAE04EC0-301F-11D3-BF4B-00C04F79EFBC}") = "TestWeb", "TestWeb\TestWeb.csproj", "{81E23798-A64F-44E6-8D62-2A93FDDFAEB2}"
EndProject
Global
	GlobalSection(TestCaseManagementSettings) = postSolution
		CategoryFile = TestData.vsmdi
	EndGlobalSection
	GlobalSection(SolutionConfigurationPlatforms) = preSolution
		Debug|Any CPU = Debug|Any CPU
		Release|Any CPU = Release|Any CPU
	EndGlobalSection
	GlobalSection(ProjectConfigurationPlatforms) = postSolution
		{B1F9CDD7-077B-419C-8B90-31D8498CE083}.Debug|Any CPU.ActiveCfg = Debug|Any CPU
		{B1F9CDD7-077B-419C-8B90-31D8498CE083}.Debug|Any CPU.Build.0 = Debug|Any CPU
		{B1F9CDD7-077B-419C-8B90-31D8498CE083}.Release|Any CPU.ActiveCfg = Release|Any CPU
		{B1F9CDD7-077B-419C-8B90-31D8498CE083}.Release|Any CPU.Build.0 = Release|Any CPU
		{5B138D1C-D5F5-46F2-8277-B36E8ADFD4E5}.Debug|Any CPU.ActiveCfg = Debug|Any CPU
		{5B138D1C-D5F5-46F2-8277-B36E8ADFD4E5}.Debug|Any CPU.Build.0 = Debug|Any CPU
		{5B138D1C-D5F5-46F2-8277-B36E8ADFD4E5}.Release|Any CPU.ActiveCfg = Release|Any CPU
		{5B138D1C-D5F5-46F2-8277-B36E8ADFD4E5}.Release|Any CPU.Build.0 = Release|Any CPU
		{81E23798-A64F-44E6-8D62-2A93FDDFAEB2}.Debug|Any CPU.ActiveCfg = Debug|Any CPU
		{81E23798-A64F-44E6-8D62-2A93FDDFAEB2}.Debug|Any CPU.Build.0 = Debug|Any CPU
		{81E23798-A64F-44E6-8D62-2A93FDDFAEB2}.Release|Any CPU.ActiveCfg = Release|Any CPU
		{81E23798-A64F-44E6-8D62-2A93FDDFAEB2}.Release|Any CPU.Build.0 = Release|Any CPU
	EndGlobalSection
	GlobalSection(SolutionProperties) = preSolution
		HideSolutionNode = FALSE
	EndGlobalSection
EndGlobal
