
Microsoft Visual Studio Solution File, Format Version 10.00
# Visual Studio 2008
Project("{FAE04EC0-301F-11D3-BF4B-00C04F79EFBC}") = "MvcSiteMap.Web", "MvcSiteMap.Web\MvcSiteMap.Web.csproj", "{DFAF341B-7B93-4DBC-A76F-F81AD884930D}"
EndProject
Project("{FAE04EC0-301F-11D3-BF4B-00C04F79EFBC}") = "MvcSiteMap.Core", "MvcSiteMap.Core\MvcSiteMap.Core.csproj", "{B23AEE59-E95A-413B-AFDA-3A188FCEFE35}"
EndProject
Project("{2150E333-8FDC-42A3-9474-1A3956D46DE8}") = "Resources", "Resources", "{DF67E850-C890-4B16-B549-1260447FD045}"
EndProject
Project("{2150E333-8FDC-42A3-9474-1A3956D46DE8}") = "T4 Templates", "T4 Templates", "{44C6A022-91F7-41B5-91A3-B610FD8EAF2D}"
	ProjectSection(SolutionItems) = preProject
		Resources\T4 Templates\CreateController.tt = Resources\T4 Templates\CreateController.tt
		Resources\T4 Templates\CreateControllersFromMvcSitemap.tt = Resources\T4 Templates\CreateControllersFromMvcSitemap.tt
		Resources\T4 Templates\ReadMe.txt = Resources\T4 Templates\ReadMe.txt
	EndProjectSection
EndProject
Global
	GlobalSection(TeamFoundationVersionControl) = preSolution
		SccNumberOfProjects = 3
		SccEnterpriseProvider = {4CA58AB2-18FA-4F8D-95D4-32DDF27D184C}
		SccTeamFoundationServer = https://tfs10.codeplex.com/
		SccLocalPath0 = .
		SccProjectUniqueName1 = MvcSiteMap.Core\\MvcSiteMap.Core.csproj
		SccProjectName1 = MvcSiteMap.Core
		SccLocalPath1 = MvcSiteMap.Core
		SccProjectUniqueName2 = MvcSiteMap.Web\\MvcSiteMap.Web.csproj
		SccProjectName2 = MvcSiteMap.Web
		SccLocalPath2 = MvcSiteMap.Web
	EndGlobalSection
	GlobalSection(SolutionConfigurationPlatforms) = preSolution
		Debug|Any CPU = Debug|Any CPU
		Release|Any CPU = Release|Any CPU
	EndGlobalSection
	GlobalSection(ProjectConfigurationPlatforms) = postSolution
		{DFAF341B-7B93-4DBC-A76F-F81AD884930D}.Debug|Any CPU.ActiveCfg = Debug|Any CPU
		{DFAF341B-7B93-4DBC-A76F-F81AD884930D}.Debug|Any CPU.Build.0 = Debug|Any CPU
		{DFAF341B-7B93-4DBC-A76F-F81AD884930D}.Release|Any CPU.ActiveCfg = Release|Any CPU
		{DFAF341B-7B93-4DBC-A76F-F81AD884930D}.Release|Any CPU.Build.0 = Release|Any CPU
		{B23AEE59-E95A-413B-AFDA-3A188FCEFE35}.Debug|Any CPU.ActiveCfg = Debug|Any CPU
		{B23AEE59-E95A-413B-AFDA-3A188FCEFE35}.Debug|Any CPU.Build.0 = Debug|Any CPU
		{B23AEE59-E95A-413B-AFDA-3A188FCEFE35}.Release|Any CPU.ActiveCfg = Release|Any CPU
		{B23AEE59-E95A-413B-AFDA-3A188FCEFE35}.Release|Any CPU.Build.0 = Release|Any CPU
	EndGlobalSection
	GlobalSection(SolutionProperties) = preSolution
		HideSolutionNode = FALSE
	EndGlobalSection
	GlobalSection(NestedProjects) = preSolution
		{44C6A022-91F7-41B5-91A3-B610FD8EAF2D} = {DF67E850-C890-4B16-B549-1260447FD045}
	EndGlobalSection
EndGlobal
